// !$*UTF8*$!
{
	archiveVersion = 1;
	classes = {
	};
	objectVersion = 50;
	objects = {

/* Begin PBXBuildFile section */
		385628F5213058470060A7C8 /* AppDelegate.swift in Sources */ = {isa = PBXBuildFile; fileRef = 385628F4213058470060A7C8 /* AppDelegate.swift */; };
		385628FA213058470060A7C8 /* Main.storyboard in Resources */ = {isa = PBXBuildFile; fileRef = 385628F8213058470060A7C8 /* Main.storyboard */; };
		385628FC213058490060A7C8 /* Assets.xcassets in Resources */ = {isa = PBXBuildFile; fileRef = 385628FB213058490060A7C8 /* Assets.xcassets */; };
		385628FF213058490060A7C8 /* LaunchScreen.storyboard in Resources */ = {isa = PBXBuildFile; fileRef = 385628FD213058490060A7C8 /* LaunchScreen.storyboard */; };
		3856290D213058ED0060A7C8 /* Note.swift in Sources */ = {isa = PBXBuildFile; fileRef = 3856290C213058ED0060A7C8 /* Note.swift */; };
		3856290F213058FD0060A7C8 /* NotesController.swift in Sources */ = {isa = PBXBuildFile; fileRef = 3856290E213058FD0060A7C8 /* NotesController.swift */; };
		38562911213059170060A7C8 /* NotesDetailViewController.swift in Sources */ = {isa = PBXBuildFile; fileRef = 38562910213059170060A7C8 /* NotesDetailViewController.swift */; };
		38562913213059380060A7C8 /* NotesTableViewController.swift in Sources */ = {isa = PBXBuildFile; fileRef = 38562912213059380060A7C8 /* NotesTableViewController.swift */; };
/* End PBXBuildFile section */

/* Begin PBXFileReference section */
		385628F1213058470060A7C8 /* Unit 1 Challenge.app */ = {isa = PBXFileReference; explicitFileType = wrapper.application; includeInIndex = 0; path = "Unit 1 Challenge.app"; sourceTree = BUILT_PRODUCTS_DIR; };
		385628F4213058470060A7C8 /* AppDelegate.swift */ = {isa = PBXFileReference; lastKnownFileType = sourcecode.swift; path = AppDelegate.swift; sourceTree = "<group>"; };
		385628F9213058470060A7C8 /* Base */ = {isa = PBXFileReference; lastKnownFileType = file.storyboard; name = Base; path = Base.lproj/Main.storyboard; sourceTree = "<group>"; };
		385628FB213058490060A7C8 /* Assets.xcassets */ = {isa = PBXFileReference; lastKnownFileType = folder.assetcatalog; path = Assets.xcassets; sourceTree = "<group>"; };
		385628FE213058490060A7C8 /* Base */ = {isa = PBXFileReference; lastKnownFileType = file.storyboard; name = Base; path = Base.lproj/LaunchScreen.storyboard; sourceTree = "<group>"; };
		38562900213058490060A7C8 /* Info.plist */ = {isa = PBXFileReference; lastKnownFileType = text.plist.xml; path = Info.plist; sourceTree = "<group>"; };
		3856290C213058ED0060A7C8 /* Note.swift */ = {isa = PBXFileReference; lastKnownFileType = sourcecode.swift; path = Note.swift; sourceTree = "<group>"; };
		3856290E213058FD0060A7C8 /* NotesController.swift */ = {isa = PBXFileReference; lastKnownFileType = sourcecode.swift; path = NotesController.swift; sourceTree = "<group>"; };
		38562910213059170060A7C8 /* NotesDetailViewController.swift */ = {isa = PBXFileReference; lastKnownFileType = sourcecode.swift; path = NotesDetailViewController.swift; sourceTree = "<group>"; };
		38562912213059380060A7C8 /* NotesTableViewController.swift */ = {isa = PBXFileReference; lastKnownFileType = sourcecode.swift; path = NotesTableViewController.swift; sourceTree = "<group>"; };
/* End PBXFileReference section */

/* Begin PBXFrameworksBuildPhase section */
		385628EE213058470060A7C8 /* Frameworks */ = {
			isa = PBXFrameworksBuildPhase;
			buildActionMask = 2147483647;
			files = (
			);
			runOnlyForDeploymentPostprocessing = 0;
		};
/* End PBXFrameworksBuildPhase section */

/* Begin PBXGroup section */
		385628E8213058470060A7C8 = {
			isa = PBXGroup;
			children = (
				385628F3213058470060A7C8 /* Unit 1 Challenge */,
				385628F2213058470060A7C8 /* Products */,
			);
			sourceTree = "<group>";
		};
		385628F2213058470060A7C8 /* Products */ = {
			isa = PBXGroup;
			children = (
				385628F1213058470060A7C8 /* Unit 1 Challenge.app */,
			);
			name = Products;
			sourceTree = "<group>";
		};
		385628F3213058470060A7C8 /* Unit 1 Challenge */ = {
			isa = PBXGroup;
			children = (
				3856290B2130589B0060A7C8 /* Controllers */,
				385629082130586F0060A7C8 /* Models */,
				385629072130586A0060A7C8 /* Views */,
				385629062130585F0060A7C8 /* Resources */,
			);
			path = "Unit 1 Challenge";
			sourceTree = "<group>";
		};
		385629062130585F0060A7C8 /* Resources */ = {
			isa = PBXGroup;
			children = (
				385628F4213058470060A7C8 /* AppDelegate.swift */,
				385628FB213058490060A7C8 /* Assets.xcassets */,
				385628FD213058490060A7C8 /* LaunchScreen.storyboard */,
				38562900213058490060A7C8 /* Info.plist */,
			);
			path = Resources;
			sourceTree = "<group>";
		};
		385629072130586A0060A7C8 /* Views */ = {
			isa = PBXGroup;
			children = (
				385628F8213058470060A7C8 /* Main.storyboard */,
			);
			path = Views;
			sourceTree = "<group>";
		};
		385629082130586F0060A7C8 /* Models */ = {
			isa = PBXGroup;
			children = (
				3856290C213058ED0060A7C8 /* Note.swift */,
			);
			path = Models;
			sourceTree = "<group>";
		};
		385629092130587A0060A7C8 /* ModelControllers */ = {
			isa = PBXGroup;
			children = (
				3856290E213058FD0060A7C8 /* NotesController.swift */,
			);
			path = ModelControllers;
			sourceTree = "<group>";
		};
		3856290A213058870060A7C8 /* ViewControllers */ = {
			isa = PBXGroup;
			children = (
				38562912213059380060A7C8 /* NotesTableViewController.swift */,
				38562910213059170060A7C8 /* NotesDetailViewController.swift */,
			);
			path = ViewControllers;
			sourceTree = "<group>";
		};
		3856290B2130589B0060A7C8 /* Controllers */ = {
			isa = PBXGroup;
			children = (
				3856290A213058870060A7C8 /* ViewControllers */,
				385629092130587A0060A7C8 /* ModelControllers */,
			);
			path = Controllers;
			sourceTree = "<group>";
		};
/* End PBXGroup section */

/* Begin PBXNativeTarget section */
		385628F0213058470060A7C8 /* Unit 1 Challenge */ = {
			isa = PBXNativeTarget;
			buildConfigurationList = 38562903213058490060A7C8 /* Build configuration list for PBXNativeTarget "Unit 1 Challenge" */;
			buildPhases = (
				385628ED213058470060A7C8 /* Sources */,
				385628EE213058470060A7C8 /* Frameworks */,
				385628EF213058470060A7C8 /* Resources */,
			);
			buildRules = (
			);
			dependencies = (
			);
			name = "Unit 1 Challenge";
			productName = "Unit 1 Challenge";
			productReference = 385628F1213058470060A7C8 /* Unit 1 Challenge.app */;
			productType = "com.apple.product-type.application";
		};
/* End PBXNativeTarget section */

/* Begin PBXProject section */
		385628E9213058470060A7C8 /* Project object */ = {
			isa = PBXProject;
			attributes = {
				LastSwiftUpdateCheck = 0940;
				LastUpgradeCheck = 0940;
				ORGANIZATIONNAME = "Eric Andersen";
				TargetAttributes = {
					385628F0213058470060A7C8 = {
						CreatedOnToolsVersion = 9.4.1;
					};
				};
			};
			buildConfigurationList = 385628EC213058470060A7C8 /* Build configuration list for PBXProject "Unit 1 Challenge" */;
			compatibilityVersion = "Xcode 9.3";
			developmentRegion = en;
			hasScannedForEncodings = 0;
			knownRegions = (
				en,
				Base,
			);
			mainGroup = 385628E8213058470060A7C8;
			productRefGroup = 385628F2213058470060A7C8 /* Products */;
			projectDirPath = "";
			projectRoot = "";
			targets = (
				385628F0213058470060A7C8 /* Unit 1 Challenge */,
			);
		};
/* End PBXProject section */

/* Begin PBXResourcesBuildPhase section */
		385628EF213058470060A7C8 /* Resources */ = {
			isa = PBXResourcesBuildPhase;
			buildActionMask = 2147483647;
			files = (
				385628FF213058490060A7C8 /* LaunchScreen.storyboard in Resources */,
				385628FC213058490060A7C8 /* Assets.xcassets in Resources */,
				385628FA213058470060A7C8 /* Main.storyboard in Resources */,
			);
			runOnlyForDeploymentPostprocessing = 0;
		};
/* End PBXResourcesBuildPhase section */

/* Begin PBXSourcesBuildPhase section */
		385628ED213058470060A7C8 /* Sources */ = {
			isa = PBXSourcesBuildPhase;
			buildActionMask = 2147483647;
			files = (
				385628F5213058470060A7C8 /* AppDelegate.swift in Sources */,
				38562911213059170060A7C8 /* NotesDetailViewController.swift in Sources */,
				3856290F213058FD0060A7C8 /* NotesController.swift in Sources */,
				3856290D213058ED0060A7C8 /* Note.swift in Sources */,
				38562913213059380060A7C8 /* NotesTableViewController.swift in Sources */,
			);
			runOnlyForDeploymentPostprocessing = 0;
		};
/* End PBXSourcesBuildPhase section */

/* Begin PBXVariantGroup section */
		385628F8213058470060A7C8 /* Main.storyboard */ = {
			isa = PBXVariantGroup;
			children = (
				385628F9213058470060A7C8 /* Base */,
			);
			name = Main.storyboard;
			sourceTree = "<group>";
		};
		385628FD213058490060A7C8 /* LaunchScreen.storyboard */ = {
			isa = PBXVariantGroup;
			children = (
				385628FE213058490060A7C8 /* Base */,
			);
			name = LaunchScreen.storyboard;
			sourceTree = "<group>";
		};
/* End PBXVariantGroup section */

/* Begin XCBuildConfiguration section */
		38562901213058490060A7C8 /* Debug */ = {
			isa = XCBuildConfiguration;
			buildSettings = {
				ALWAYS_SEARCH_USER_PATHS = NO;
				CLANG_ANALYZER_NONNULL = YES;
				CLANG_ANALYZER_NUMBER_OBJECT_CONVERSION = YES_AGGRESSIVE;
				CLANG_CXX_LANGUAGE_STANDARD = "gnu++14";
				CLANG_CXX_LIBRARY = "libc++";
				CLANG_ENABLE_MODULES = YES;
				CLANG_ENABLE_OBJC_ARC = YES;
				CLANG_ENABLE_OBJC_WEAK = YES;
				CLANG_WARN_BLOCK_CAPTURE_AUTORELEASING = YES;
				CLANG_WARN_BOOL_CONVERSION = YES;
				CLANG_WARN_COMMA = YES;
				CLANG_WARN_CONSTANT_CONVERSION = YES;
				CLANG_WARN_DEPRECATED_OBJC_IMPLEMENTATIONS = YES;
				CLANG_WARN_DIRECT_OBJC_ISA_USAGE = YES_ERROR;
				CLANG_WARN_DOCUMENTATION_COMMENTS = YES;
				CLANG_WARN_EMPTY_BODY = YES;
				CLANG_WARN_ENUM_CONVERSION = YES;
				CLANG_WARN_INFINITE_RECURSION = YES;
				CLANG_WARN_INT_CONVERSION = YES;
				CLANG_WARN_NON_LITERAL_NULL_CONVERSION = YES;
				CLANG_WARN_OBJC_IMPLICIT_RETAIN_SELF = YES;
				CLANG_WARN_OBJC_LITERAL_CONVERSION = YES;
				CLANG_WARN_OBJC_ROOT_CLASS = YES_ERROR;
				CLANG_WARN_RANGE_LOOP_ANALYSIS = YES;
				CLANG_WARN_STRICT_PROTOTYPES = YES;
				CLANG_WARN_SUSPICIOUS_MOVE = YES;
				CLANG_WARN_UNGUARDED_AVAILABILITY = YES_AGGRESSIVE;
				CLANG_WARN_UNREACHABLE_CODE = YES;
				CLANG_WARN__DUPLICATE_METHOD_MATCH = YES;
				CODE_SIGN_IDENTITY = "iPhone Developer";
				COPY_PHASE_STRIP = NO;
				DEBUG_INFORMATION_FORMAT = dwarf;
				ENABLE_STRICT_OBJC_MSGSEND = YES;
				ENABLE_TESTABILITY = YES;
				GCC_C_LANGUAGE_STANDARD = gnu11;
				GCC_DYNAMIC_NO_PIC = NO;
				GCC_NO_COMMON_BLOCKS = YES;
				GCC_OPTIMIZATION_LEVEL = 0;
				GCC_PREPROCESSOR_DEFINITIONS = (
					"DEBUG=1",
					"$(inherited)",
				);
				GCC_WARN_64_TO_32_BIT_CONVERSION = YES;
				GCC_WARN_ABOUT_RETURN_TYPE = YES_ERROR;
				GCC_WARN_UNDECLARED_SELECTOR = YES;
				GCC_WARN_UNINITIALIZED_AUTOS = YES_AGGRESSIVE;
				GCC_WARN_UNUSED_FUNCTION = YES;
				GCC_WARN_UNUSED_VARIABLE = YES;
				IPHONEOS_DEPLOYMENT_TARGET = 11.4;
				MTL_ENABLE_DEBUG_INFO = YES;
				ONLY_ACTIVE_ARCH = YES;
				SDKROOT = iphoneos;
				SWIFT_ACTIVE_COMPILATION_CONDITIONS = DEBUG;
				SWIFT_OPTIMIZATION_LEVEL = "-Onone";
			};
			name = Debug;
		};
		38562902213058490060A7C8 /* Release */ = {
			isa = XCBuildConfiguration;
			buildSettings = {
				ALWAYS_SEARCH_USER_PATHS = NO;
				CLANG_ANALYZER_NONNULL = YES;
				CLANG_ANALYZER_NUMBER_OBJECT_CONVERSION = YES_AGGRESSIVE;
				CLANG_CXX_LANGUAGE_STANDARD = "gnu++14";
				CLANG_CXX_LIBRARY = "libc++";
				CLANG_ENABLE_MODULES = YES;
				CLANG_ENABLE_OBJC_ARC = YES;
				CLANG_ENABLE_OBJC_WEAK = YES;
				CLANG_WARN_BLOCK_CAPTURE_AUTORELEASING = YES;
				CLANG_WARN_BOOL_CONVERSION = YES;
				CLANG_WARN_COMMA = YES;
				CLANG_WARN_CONSTANT_CONVERSION = YES;
				CLANG_WARN_DEPRECATED_OBJC_IMPLEMENTATIONS = YES;
				CLANG_WARN_DIRECT_OBJC_ISA_USAGE = YES_ERROR;
				CLANG_WARN_DOCUMENTATION_COMMENTS = YES;
				CLANG_WARN_EMPTY_BODY = YES;
				CLANG_WARN_ENUM_CONVERSION = YES;
				CLANG_WARN_INFINITE_RECURSION = YES;
				CLANG_WARN_INT_CONVERSION = YES;
				CLANG_WARN_NON_LITERAL_NULL_CONVERSION = YES;
				CLANG_WARN_OBJC_IMPLICIT_RETAIN_SELF = YES;
				CLANG_WARN_OBJC_LITERAL_CONVERSION = YES;
				CLANG_WARN_OBJC_ROOT_CLASS = YES_ERROR;
				CLANG_WARN_RANGE_LOOP_ANALYSIS = YES;
				CLANG_WARN_STRICT_PROTOTYPES = YES;
				CLANG_WARN_SUSPICIOUS_MOVE = YES;
				CLANG_WARN_UNGUARDED_AVAILABILITY = YES_AGGRESSIVE;
				CLANG_WARN_UNREACHABLE_CODE = YES;
				CLANG_WARN__DUPLICATE_METHOD_MATCH = YES;
				CODE_SIGN_IDENTITY = "iPhone Developer";
				COPY_PHASE_STRIP = NO;
				DEBUG_INFORMATION_FORMAT = "dwarf-with-dsym";
				ENABLE_NS_ASSERTIONS = NO;
				ENABLE_STRICT_OBJC_MSGSEND = YES;
				GCC_C_LANGUAGE_STANDARD = gnu11;
				GCC_NO_COMMON_BLOCKS = YES;
				GCC_WARN_64_TO_32_BIT_CONVERSION = YES;
				GCC_WARN_ABOUT_RETURN_TYPE = YES_ERROR;
				GCC_WARN_UNDECLARED_SELECTOR = YES;
				GCC_WARN_UNINITIALIZED_AUTOS = YES_AGGRESSIVE;
				GCC_WARN_UNUSED_FUNCTION = YES;
				GCC_WARN_UNUSED_VARIABLE = YES;
				IPHONEOS_DEPLOYMENT_TARGET = 11.4;
				MTL_ENABLE_DEBUG_INFO = NO;
				SDKROOT = iphoneos;
				SWIFT_COMPILATION_MODE = wholemodule;
				SWIFT_OPTIMIZATION_LEVEL = "-O";
				VALIDATE_PRODUCT = YES;
			};
			name = Release;
		};
		38562904213058490060A7C8 /* Debug */ = {
			isa = XCBuildConfiguration;
			buildSettings = {
				ASSETCATALOG_COMPILER_APPICON_NAME = AppIcon;
				CODE_SIGN_STYLE = Automatic;
				DEVELOPMENT_TEAM = S2V96BB45E;
				INFOPLIST_FILE = "$(SRCROOT)/Unit 1 Challenge/Resources/Info.plist";
				LD_RUNPATH_SEARCH_PATHS = (
					"$(inherited)",
					"@executable_path/Frameworks",
				);
				PRODUCT_BUNDLE_IDENTIFIER = "com.EricAndersen.Unit-1-Challenge";
				PRODUCT_NAME = "$(TARGET_NAME)";
				SWIFT_VERSION = 4.0;
				TARGETED_DEVICE_FAMILY = "1,2";
			};
			name = Debug;
		};
		38562905213058490060A7C8 /* Release */ = {
			isa = XCBuildConfiguration;
			buildSettings = {
				ASSETCATALOG_COMPILER_APPICON_NAME = AppIcon;
				CODE_SIGN_STYLE = Automatic;
				DEVELOPMENT_TEAM = S2V96BB45E;
				INFOPLIST_FILE = "$(SRCROOT)/Unit 1 Challenge/Resources/Info.plist";
				LD_RUNPATH_SEARCH_PATHS = (
					"$(inherited)",
					"@executable_path/Frameworks",
				);
				PRODUCT_BUNDLE_IDENTIFIER = "com.EricAndersen.Unit-1-Challenge";
				PRODUCT_NAME = "$(TARGET_NAME)";
				SWIFT_VERSION = 4.0;
				TARGETED_DEVICE_FAMILY = "1,2";
			};
			name = Release;
		};
/* End XCBuildConfiguration section */

/* Begin XCConfigurationList section */
		385628EC213058470060A7C8 /* Build configuration list for PBXProject "Unit 1 Challenge" */ = {
			isa = XCConfigurationList;
			buildConfigurations = (
				38562901213058490060A7C8 /* Debug */,
				38562902213058490060A7C8 /* Release */,
			);
			defaultConfigurationIsVisible = 0;
			defaultConfigurationName = Release;
		};
		38562903213058490060A7C8 /* Build configuration list for PBXNativeTarget "Unit 1 Challenge" */ = {
			isa = XCConfigurationList;
			buildConfigurations = (
				38562904213058490060A7C8 /* Debug */,
				38562905213058490060A7C8 /* Release */,
			);
			defaultConfigurationIsVisible = 0;
			defaultConfigurationName = Release;
		};
/* End XCConfigurationList section */
	};
	rootObject = 385628E9213058470060A7C8 /* Project object */;
}
